
Microsoft Visual Studio Solution File, Format Version 12.00
# Visual Studio 15
Project("{FAE04EC0-301F-11D3-BF4B-00C04F79EFBC}") = "NextMind.UnitySDK.Examples", "NextMind.UnitySDK.Examples.csproj", "{87D4DFD7-1A23-FD37-ADBB-9DDB8A43A4FC}"
EndProject
Project("{FAE04EC0-301F-11D3-BF4B-00C04F79EFBC}") = "NextMind.UnitySDK.Runtime", "NextMind.UnitySDK.Runtime.csproj", "{CBFF1EFE-4432-95FF-C40B-D45834B7E3F4}"
EndProject
Project("{FAE04EC0-301F-11D3-BF4B-00C04F79EFBC}") = "Assembly-CSharp", "Assembly-CSharp.csproj", "{40A7E0B3-25CA-7826-E5FE-AA64D8038054}"
EndProject
Global
	GlobalSection(SolutionConfigurationPlatforms) = preSolution
		Debug|Any CPU = Debug|Any CPU
		Release|Any CPU = Release|Any CPU
	EndGlobalSection
	GlobalSection(ProjectConfigurationPlatforms) = postSolution
		{87D4DFD7-1A23-FD37-ADBB-9DDB8A43A4FC}.Debug|Any CPU.ActiveCfg = Debug|Any CPU
		{87D4DFD7-1A23-FD37-ADBB-9DDB8A43A4FC}.Debug|Any CPU.Build.0 = Debug|Any CPU
		{87D4DFD7-1A23-FD37-ADBB-9DDB8A43A4FC}.Release|Any CPU.ActiveCfg = Release|Any CPU
		{87D4DFD7-1A23-FD37-ADBB-9DDB8A43A4FC}.Release|Any CPU.Build.0 = Release|Any CPU
		{CBFF1EFE-4432-95FF-C40B-D45834B7E3F4}.Debug|Any CPU.ActiveCfg = Debug|Any CPU
		{CBFF1EFE-4432-95FF-C40B-D45834B7E3F4}.Debug|Any CPU.Build.0 = Debug|Any CPU
		{CBFF1EFE-4432-95FF-C40B-D45834B7E3F4}.Release|Any CPU.ActiveCfg = Release|Any CPU
		{CBFF1EFE-4432-95FF-C40B-D45834B7E3F4}.Release|Any CPU.Build.0 = Release|Any CPU
		{40A7E0B3-25CA-7826-E5FE-AA64D8038054}.Debug|Any CPU.ActiveCfg = Debug|Any CPU
		{40A7E0B3-25CA-7826-E5FE-AA64D8038054}.Debug|Any CPU.Build.0 = Debug|Any CPU
		{40A7E0B3-25CA-7826-E5FE-AA64D8038054}.Release|Any CPU.ActiveCfg = Release|Any CPU
		{40A7E0B3-25CA-7826-E5FE-AA64D8038054}.Release|Any CPU.Build.0 = Release|Any CPU
	EndGlobalSection
	GlobalSection(SolutionProperties) = preSolution
		HideSolutionNode = FALSE
	EndGlobalSection
EndGlobal
